
Microsoft Visual Studio Solution File, Format Version 12.00
# Visual Studio Version 17
VisualStudioVersion = 17.1.32407.343
MinimumVisualStudioVersion = 10.0.40219.1
Project("{FAE04EC0-301F-11D3-BF4B-00C04F79EFBC}") = "Simple Password Manager", "Simple Password Manager\Simple Password Manager.csproj", "{1A734F82-52CB-4A30-AD38-F2DC8BD764F5}"
EndProject
Project("{54435603-DBB4-11D2-8724-00A0C9A8B90C}") = "Simple Password Manager Setup", "Simple Password Manager Setup\Simple Password Manager Setup.vdproj", "{D1AA41CE-870D-4A0C-B7D0-667C4A00CD1F}"
EndProject
Project("{9A19103F-16F7-4668-BE54-9A1E7A4F7556}") = "Simple Password Manager Library", "Simple Password Manager Library\Simple Password Manager Library.csproj", "{5B3CA21D-5E1D-4783-9F88-F0EEAD275D6E}"
EndProject
Project("{FAE04EC0-301F-11D3-BF4B-00C04F79EFBC}") = "Simple Password Manager Library Unit Tests", "Simple Password Manager Library Unit Tests\Simple Password Manager Library Unit Tests.csproj", "{E5E43E2A-419E-4EEF-AC5A-927658B74129}"
EndProject
Global
	GlobalSection(SolutionConfigurationPlatforms) = preSolution
		Debug|Any CPU = Debug|Any CPU
		Debug|x64 = Debug|x64
		Release|Any CPU = Release|Any CPU
		Release|x64 = Release|x64
	EndGlobalSection
	GlobalSection(ProjectConfigurationPlatforms) = postSolution
		{1A734F82-52CB-4A30-AD38-F2DC8BD764F5}.Debug|Any CPU.ActiveCfg = Debug|Any CPU
		{1A734F82-52CB-4A30-AD38-F2DC8BD764F5}.Debug|Any CPU.Build.0 = Debug|Any CPU
		{1A734F82-52CB-4A30-AD38-F2DC8BD764F5}.Debug|x64.ActiveCfg = Debug|x64
		{1A734F82-52CB-4A30-AD38-F2DC8BD764F5}.Debug|x64.Build.0 = Debug|x64
		{1A734F82-52CB-4A30-AD38-F2DC8BD764F5}.Release|Any CPU.ActiveCfg = Release|Any CPU
		{1A734F82-52CB-4A30-AD38-F2DC8BD764F5}.Release|Any CPU.Build.0 = Release|Any CPU
		{1A734F82-52CB-4A30-AD38-F2DC8BD764F5}.Release|x64.ActiveCfg = Release|x64
		{1A734F82-52CB-4A30-AD38-F2DC8BD764F5}.Release|x64.Build.0 = Release|x64
		{D1AA41CE-870D-4A0C-B7D0-667C4A00CD1F}.Debug|Any CPU.ActiveCfg = Debug
		{D1AA41CE-870D-4A0C-B7D0-667C4A00CD1F}.Debug|x64.ActiveCfg = Debug
		{D1AA41CE-870D-4A0C-B7D0-667C4A00CD1F}.Debug|x64.Build.0 = Debug
		{D1AA41CE-870D-4A0C-B7D0-667C4A00CD1F}.Release|Any CPU.ActiveCfg = Release
		{D1AA41CE-870D-4A0C-B7D0-667C4A00CD1F}.Release|x64.ActiveCfg = Release
		{D1AA41CE-870D-4A0C-B7D0-667C4A00CD1F}.Release|x64.Build.0 = Release
		{5B3CA21D-5E1D-4783-9F88-F0EEAD275D6E}.Debug|Any CPU.ActiveCfg = Debug|Any CPU
		{5B3CA21D-5E1D-4783-9F88-F0EEAD275D6E}.Debug|Any CPU.Build.0 = Debug|Any CPU
		{5B3CA21D-5E1D-4783-9F88-F0EEAD275D6E}.Debug|x64.ActiveCfg = Debug|Any CPU
		{5B3CA21D-5E1D-4783-9F88-F0EEAD275D6E}.Debug|x64.Build.0 = Debug|Any CPU
		{5B3CA21D-5E1D-4783-9F88-F0EEAD275D6E}.Release|Any CPU.ActiveCfg = Release|Any CPU
		{5B3CA21D-5E1D-4783-9F88-F0EEAD275D6E}.Release|Any CPU.Build.0 = Release|Any CPU
		{5B3CA21D-5E1D-4783-9F88-F0EEAD275D6E}.Release|x64.ActiveCfg = Release|Any CPU
		{5B3CA21D-5E1D-4783-9F88-F0EEAD275D6E}.Release|x64.Build.0 = Release|Any CPU
		{E5E43E2A-419E-4EEF-AC5A-927658B74129}.Debug|Any CPU.ActiveCfg = Debug|Any CPU
		{E5E43E2A-419E-4EEF-AC5A-927658B74129}.Debug|Any CPU.Build.0 = Debug|Any CPU
		{E5E43E2A-419E-4EEF-AC5A-927658B74129}.Debug|x64.ActiveCfg = Debug|Any CPU
		{E5E43E2A-419E-4EEF-AC5A-927658B74129}.Debug|x64.Build.0 = Debug|Any CPU
		{E5E43E2A-419E-4EEF-AC5A-927658B74129}.Release|Any CPU.ActiveCfg = Release|Any CPU
		{E5E43E2A-419E-4EEF-AC5A-927658B74129}.Release|Any CPU.Build.0 = Release|Any CPU
		{E5E43E2A-419E-4EEF-AC5A-927658B74129}.Release|x64.ActiveCfg = Release|Any CPU
		{E5E43E2A-419E-4EEF-AC5A-927658B74129}.Release|x64.Build.0 = Release|Any CPU
	EndGlobalSection
	GlobalSection(SolutionProperties) = preSolution
		HideSolutionNode = FALSE
	EndGlobalSection
	GlobalSection(ExtensibilityGlobals) = postSolution
		SolutionGuid = {9DBEFC08-D15B-476E-8235-AF4A9F3F4C0A}
	EndGlobalSection
EndGlobal
